
Microsoft Visual Studio Solution File, Format Version 12.00
# Visual Studio 2013
Project("{FAE04EC0-301F-11D3-BF4B-00C04F79EFBC}") = "UnityVS.Garden.CSharp.Plugins", "UnityVS.Garden.CSharp.Plugins.csproj", "{87E0BBA8-04C9-87B5-0023-F2A60545EF16}"
EndProject
Project("{FAE04EC0-301F-11D3-BF4B-00C04F79EFBC}") = "UnityVS.Garden.CSharp", "UnityVS.Garden.CSharp.csproj", "{F90A45C9-F27F-FCE6-EF78-32F3CADDE3F3}"
EndProject
Global
	GlobalSection(SolutionConfigurationPlatforms) = preSolution
		Debug|Any CPU = Debug|Any CPU
		Release|Any CPU = Release|Any CPU
	EndGlobalSection
	GlobalSection(ProjectConfigurationPlatforms) = postSolution
		{87E0BBA8-04C9-87B5-0023-F2A60545EF16}.Debug|Any CPU.ActiveCfg = Debug|Any CPU
		{87E0BBA8-04C9-87B5-0023-F2A60545EF16}.Debug|Any CPU.Build.0 = Debug|Any CPU
		{87E0BBA8-04C9-87B5-0023-F2A60545EF16}.Release|Any CPU.ActiveCfg = Release|Any CPU
		{87E0BBA8-04C9-87B5-0023-F2A60545EF16}.Release|Any CPU.Build.0 = Release|Any CPU
		{F90A45C9-F27F-FCE6-EF78-32F3CADDE3F3}.Debug|Any CPU.ActiveCfg = Debug|Any CPU
		{F90A45C9-F27F-FCE6-EF78-32F3CADDE3F3}.Debug|Any CPU.Build.0 = Debug|Any CPU
		{F90A45C9-F27F-FCE6-EF78-32F3CADDE3F3}.Release|Any CPU.ActiveCfg = Release|Any CPU
		{F90A45C9-F27F-FCE6-EF78-32F3CADDE3F3}.Release|Any CPU.Build.0 = Release|Any CPU
	EndGlobalSection
	GlobalSection(SolutionProperties) = preSolution
		HideSolutionNode = FALSE
	EndGlobalSection
EndGlobal
